
Microsoft Visual Studio Solution File, Format Version 12.00
# Visual Studio Version 16
VisualStudioVersion = 16.0.29926.136
MinimumVisualStudioVersion = 10.0.40219.1
Project("{8BC9CEB8-8B4A-11D0-8D11-00A0C91BC942}") = "RegularExpression", "RegularExpression\RegularExpression.vcxproj", "{77D4EB1D-3669-407C-945A-F8DF44161D69}"
EndProject
Global
	GlobalSection(SolutionConfigurationPlatforms) = preSolution
		Debug|x64 = Debug|x64
		Debug|x86 = Debug|x86
		Release|x64 = Release|x64
		Release|x86 = Release|x86
	EndGlobalSection
	GlobalSection(ProjectConfigurationPlatforms) = postSolution
		{77D4EB1D-3669-407C-945A-F8DF44161D69}.Debug|x64.ActiveCfg = Debug|x64
		{77D4EB1D-3669-407C-945A-F8DF44161D69}.Debug|x64.Build.0 = Debug|x64
		{77D4EB1D-3669-407C-945A-F8DF44161D69}.Debug|x86.ActiveCfg = Debug|Win32
		{77D4EB1D-3669-407C-945A-F8DF44161D69}.Debug|x86.Build.0 = Debug|Win32
		{77D4EB1D-3669-407C-945A-F8DF44161D69}.Release|x64.ActiveCfg = Release|x64
		{77D4EB1D-3669-407C-945A-F8DF44161D69}.Release|x64.Build.0 = Release|x64
		{77D4EB1D-3669-407C-945A-F8DF44161D69}.Release|x86.ActiveCfg = Release|Win32
		{77D4EB1D-3669-407C-945A-F8DF44161D69}.Release|x86.Build.0 = Release|Win32
	EndGlobalSection
	GlobalSection(SolutionProperties) = preSolution
		HideSolutionNode = FALSE
	EndGlobalSection
	GlobalSection(ExtensibilityGlobals) = postSolution
		SolutionGuid = {1F0CF80A-F710-41E5-B61F-6DDE8F9E7CE3}
	EndGlobalSection
EndGlobal
