
Microsoft Visual Studio Solution File, Format Version 12.00
# Visual Studio Version 16
VisualStudioVersion = 16.0.29709.97
MinimumVisualStudioVersion = 10.0.40219.1
Project("{8BC9CEB8-8B4A-11D0-8D11-00A0C91BC942}") = "ReverseSentence", "ReverseSentence.vcxproj", "{8D4CB72F-9141-44DD-A979-BA6C09A53178}"
EndProject
Global
	GlobalSection(SolutionConfigurationPlatforms) = preSolution
		Debug|x64 = Debug|x64
		Debug|x86 = Debug|x86
		Release|x64 = Release|x64
		Release|x86 = Release|x86
	EndGlobalSection
	GlobalSection(ProjectConfigurationPlatforms) = postSolution
		{8D4CB72F-9141-44DD-A979-BA6C09A53178}.Debug|x64.ActiveCfg = Debug|x64
		{8D4CB72F-9141-44DD-A979-BA6C09A53178}.Debug|x64.Build.0 = Debug|x64
		{8D4CB72F-9141-44DD-A979-BA6C09A53178}.Debug|x86.ActiveCfg = Debug|Win32
		{8D4CB72F-9141-44DD-A979-BA6C09A53178}.Debug|x86.Build.0 = Debug|Win32
		{8D4CB72F-9141-44DD-A979-BA6C09A53178}.Release|x64.ActiveCfg = Release|x64
		{8D4CB72F-9141-44DD-A979-BA6C09A53178}.Release|x64.Build.0 = Release|x64
		{8D4CB72F-9141-44DD-A979-BA6C09A53178}.Release|x86.ActiveCfg = Release|Win32
		{8D4CB72F-9141-44DD-A979-BA6C09A53178}.Release|x86.Build.0 = Release|Win32
	EndGlobalSection
	GlobalSection(SolutionProperties) = preSolution
		HideSolutionNode = FALSE
	EndGlobalSection
	GlobalSection(ExtensibilityGlobals) = postSolution
		SolutionGuid = {998F6F46-5C5D-497E-9395-2811AF6A35FB}
	EndGlobalSection
EndGlobal
