
Microsoft Visual Studio Solution File, Format Version 12.00
# Visual Studio Version 16
VisualStudioVersion = 16.0.29709.97
MinimumVisualStudioVersion = 10.0.40219.1
Project("{8BC9CEB8-8B4A-11D0-8D11-00A0C91BC942}") = "InversePairs", "InversePairs.vcxproj", "{55F525D4-EB80-4CA5-8407-0D78C72759AE}"
EndProject
Global
	GlobalSection(SolutionConfigurationPlatforms) = preSolution
		Debug|x64 = Debug|x64
		Debug|x86 = Debug|x86
		Release|x64 = Release|x64
		Release|x86 = Release|x86
	EndGlobalSection
	GlobalSection(ProjectConfigurationPlatforms) = postSolution
		{55F525D4-EB80-4CA5-8407-0D78C72759AE}.Debug|x64.ActiveCfg = Debug|x64
		{55F525D4-EB80-4CA5-8407-0D78C72759AE}.Debug|x64.Build.0 = Debug|x64
		{55F525D4-EB80-4CA5-8407-0D78C72759AE}.Debug|x86.ActiveCfg = Debug|Win32
		{55F525D4-EB80-4CA5-8407-0D78C72759AE}.Debug|x86.Build.0 = Debug|Win32
		{55F525D4-EB80-4CA5-8407-0D78C72759AE}.Release|x64.ActiveCfg = Release|x64
		{55F525D4-EB80-4CA5-8407-0D78C72759AE}.Release|x64.Build.0 = Release|x64
		{55F525D4-EB80-4CA5-8407-0D78C72759AE}.Release|x86.ActiveCfg = Release|Win32
		{55F525D4-EB80-4CA5-8407-0D78C72759AE}.Release|x86.Build.0 = Release|Win32
	EndGlobalSection
	GlobalSection(SolutionProperties) = preSolution
		HideSolutionNode = FALSE
	EndGlobalSection
	GlobalSection(ExtensibilityGlobals) = postSolution
		SolutionGuid = {DD24AF5C-098E-430A-95E8-6A5EE45DE3FA}
	EndGlobalSection
EndGlobal
